
Microsoft Visual Studio Solution File, Format Version 12.00
# Visual Studio Version 17
VisualStudioVersion = 17.14.37203.1 d17.14
MinimumVisualStudioVersion = 10.0.40219.1
Project("{FAE04EC0-301F-11D3-BF4B-00C04F79EFBC}") = "InvestAI", "InvestAI\InvestAI.csproj", "{AB366F7D-88CF-402D-BF12-078791144B64}"
EndProject
Global
	GlobalSection(SolutionConfigurationPlatforms) = preSolution
		Debug|Any CPU = Debug|Any CPU
		Release|Any CPU = Release|Any CPU
	EndGlobalSection
	GlobalSection(ProjectConfigurationPlatforms) = postSolution
		{AB366F7D-88CF-402D-BF12-078791144B64}.Debug|Any CPU.ActiveCfg = Debug|Any CPU
		{AB366F7D-88CF-402D-BF12-078791144B64}.Debug|Any CPU.Build.0 = Debug|Any CPU
		{AB366F7D-88CF-402D-BF12-078791144B64}.Release|Any CPU.ActiveCfg = Release|Any CPU
		{AB366F7D-88CF-402D-BF12-078791144B64}.Release|Any CPU.Build.0 = Release|Any CPU
	EndGlobalSection
	GlobalSection(SolutionProperties) = preSolution
		HideSolutionNode = FALSE
	EndGlobalSection
	GlobalSection(ExtensibilityGlobals) = postSolution
		SolutionGuid = {D161C20C-18C1-42E7-AE02-A6E3166FA97D}
	EndGlobalSection
EndGlobal
